
Microsoft Visual Studio Solution File, Format Version 12.00
# Visual Studio Version 17
VisualStudioVersion = 17.4.33103.184
MinimumVisualStudioVersion = 10.0.40219.1
Project("{FAE04EC0-301F-11D3-BF4B-00C04F79EFBC}") = "task_nov_29", "task_nov_29\task_nov_29.csproj", "{BCEAA12C-3ECD-48BC-BAEE-6B4DB708BCBD}"
EndProject
Global
	GlobalSection(SolutionConfigurationPlatforms) = preSolution
		Debug|Any CPU = Debug|Any CPU
		Release|Any CPU = Release|Any CPU
	EndGlobalSection
	GlobalSection(ProjectConfigurationPlatforms) = postSolution
		{BCEAA12C-3ECD-48BC-BAEE-6B4DB708BCBD}.Debug|Any CPU.ActiveCfg = Debug|Any CPU
		{BCEAA12C-3ECD-48BC-BAEE-6B4DB708BCBD}.Debug|Any CPU.Build.0 = Debug|Any CPU
		{BCEAA12C-3ECD-48BC-BAEE-6B4DB708BCBD}.Release|Any CPU.ActiveCfg = Release|Any CPU
		{BCEAA12C-3ECD-48BC-BAEE-6B4DB708BCBD}.Release|Any CPU.Build.0 = Release|Any CPU
	EndGlobalSection
	GlobalSection(SolutionProperties) = preSolution
		HideSolutionNode = FALSE
	EndGlobalSection
	GlobalSection(ExtensibilityGlobals) = postSolution
		SolutionGuid = {5CBB761E-D649-4913-9403-725F7AF78258}
	EndGlobalSection
EndGlobal
