
Microsoft Visual Studio Solution File, Format Version 12.00
# Visual Studio Version 17
VisualStudioVersion = 17.4.33103.184
MinimumVisualStudioVersion = 10.0.40219.1
Project("{FAE04EC0-301F-11D3-BF4B-00C04F79EFBC}") = "call_by_value_p", "call_by_value_p\call_by_value_p.csproj", "{F577310B-2EFE-400C-85CA-BEF525E62068}"
EndProject
Global
	GlobalSection(SolutionConfigurationPlatforms) = preSolution
		Debug|Any CPU = Debug|Any CPU
		Release|Any CPU = Release|Any CPU
	EndGlobalSection
	GlobalSection(ProjectConfigurationPlatforms) = postSolution
		{F577310B-2EFE-400C-85CA-BEF525E62068}.Debug|Any CPU.ActiveCfg = Debug|Any CPU
		{F577310B-2EFE-400C-85CA-BEF525E62068}.Debug|Any CPU.Build.0 = Debug|Any CPU
		{F577310B-2EFE-400C-85CA-BEF525E62068}.Release|Any CPU.ActiveCfg = Release|Any CPU
		{F577310B-2EFE-400C-85CA-BEF525E62068}.Release|Any CPU.Build.0 = Release|Any CPU
	EndGlobalSection
	GlobalSection(SolutionProperties) = preSolution
		HideSolutionNode = FALSE
	EndGlobalSection
	GlobalSection(ExtensibilityGlobals) = postSolution
		SolutionGuid = {5A1CD6E7-84EE-415B-82F9-681E5CD531D6}
	EndGlobalSection
EndGlobal
