
Microsoft Visual Studio Solution File, Format Version 12.00
# Visual Studio Version 17
VisualStudioVersion = 17.4.33103.184
MinimumVisualStudioVersion = 10.0.40219.1
Project("{FAE04EC0-301F-11D3-BF4B-00C04F79EFBC}") = "task_nov_17", "task_nov_17\task_nov_17.csproj", "{2FC7EBF1-CE82-4B1D-ABA4-525D112CF1FF}"
EndProject
Global
	GlobalSection(SolutionConfigurationPlatforms) = preSolution
		Debug|Any CPU = Debug|Any CPU
		Release|Any CPU = Release|Any CPU
	EndGlobalSection
	GlobalSection(ProjectConfigurationPlatforms) = postSolution
		{2FC7EBF1-CE82-4B1D-ABA4-525D112CF1FF}.Debug|Any CPU.ActiveCfg = Debug|Any CPU
		{2FC7EBF1-CE82-4B1D-ABA4-525D112CF1FF}.Debug|Any CPU.Build.0 = Debug|Any CPU
		{2FC7EBF1-CE82-4B1D-ABA4-525D112CF1FF}.Release|Any CPU.ActiveCfg = Release|Any CPU
		{2FC7EBF1-CE82-4B1D-ABA4-525D112CF1FF}.Release|Any CPU.Build.0 = Release|Any CPU
	EndGlobalSection
	GlobalSection(SolutionProperties) = preSolution
		HideSolutionNode = FALSE
	EndGlobalSection
	GlobalSection(ExtensibilityGlobals) = postSolution
		SolutionGuid = {DBFE4150-3D42-4279-B472-E832F1780223}
	EndGlobalSection
EndGlobal
