
Microsoft Visual Studio Solution File, Format Version 12.00
# Visual Studio Version 17
VisualStudioVersion = 17.4.33103.184
MinimumVisualStudioVersion = 10.0.40219.1
Project("{FAE04EC0-301F-11D3-BF4B-00C04F79EFBC}") = "class_object_student_result_calc_p", "class_object_student_result_calc_p\class_object_student_result_calc_p.csproj", "{196DB5A9-5CE8-42E9-B756-BAB0E903B685}"
EndProject
Global
	GlobalSection(SolutionConfigurationPlatforms) = preSolution
		Debug|Any CPU = Debug|Any CPU
		Release|Any CPU = Release|Any CPU
	EndGlobalSection
	GlobalSection(ProjectConfigurationPlatforms) = postSolution
		{196DB5A9-5CE8-42E9-B756-BAB0E903B685}.Debug|Any CPU.ActiveCfg = Debug|Any CPU
		{196DB5A9-5CE8-42E9-B756-BAB0E903B685}.Debug|Any CPU.Build.0 = Debug|Any CPU
		{196DB5A9-5CE8-42E9-B756-BAB0E903B685}.Release|Any CPU.ActiveCfg = Release|Any CPU
		{196DB5A9-5CE8-42E9-B756-BAB0E903B685}.Release|Any CPU.Build.0 = Release|Any CPU
	EndGlobalSection
	GlobalSection(SolutionProperties) = preSolution
		HideSolutionNode = FALSE
	EndGlobalSection
	GlobalSection(ExtensibilityGlobals) = postSolution
		SolutionGuid = {B2777DD3-4752-454E-B025-150B356AA7C0}
	EndGlobalSection
EndGlobal
