
Microsoft Visual Studio Solution File, Format Version 12.00
# Visual Studio Version 17
VisualStudioVersion = 17.4.33103.184
MinimumVisualStudioVersion = 10.0.40219.1
Project("{FAE04EC0-301F-11D3-BF4B-00C04F79EFBC}") = "task_nov_14_project", "task_nov_14_project\task_nov_14_project.csproj", "{49B48A3A-10B2-4343-BAC2-278D55AD6501}"
EndProject
Global
	GlobalSection(SolutionConfigurationPlatforms) = preSolution
		Debug|Any CPU = Debug|Any CPU
		Release|Any CPU = Release|Any CPU
	EndGlobalSection
	GlobalSection(ProjectConfigurationPlatforms) = postSolution
		{49B48A3A-10B2-4343-BAC2-278D55AD6501}.Debug|Any CPU.ActiveCfg = Debug|Any CPU
		{49B48A3A-10B2-4343-BAC2-278D55AD6501}.Debug|Any CPU.Build.0 = Debug|Any CPU
		{49B48A3A-10B2-4343-BAC2-278D55AD6501}.Release|Any CPU.ActiveCfg = Release|Any CPU
		{49B48A3A-10B2-4343-BAC2-278D55AD6501}.Release|Any CPU.Build.0 = Release|Any CPU
	EndGlobalSection
	GlobalSection(SolutionProperties) = preSolution
		HideSolutionNode = FALSE
	EndGlobalSection
	GlobalSection(ExtensibilityGlobals) = postSolution
		SolutionGuid = {79FE005F-D011-423C-BC0A-D1EF4FE3482F}
	EndGlobalSection
EndGlobal
