
Microsoft Visual Studio Solution File, Format Version 12.00
# Visual Studio Version 17
VisualStudioVersion = 17.4.33103.184
MinimumVisualStudioVersion = 10.0.40219.1
Project("{FAE04EC0-301F-11D3-BF4B-00C04F79EFBC}") = "task_nov_10", "task_nov_10\task_nov_10.csproj", "{A5230928-8F08-45BD-99DC-6104635987C5}"
EndProject
Global
	GlobalSection(SolutionConfigurationPlatforms) = preSolution
		Debug|Any CPU = Debug|Any CPU
		Release|Any CPU = Release|Any CPU
	EndGlobalSection
	GlobalSection(ProjectConfigurationPlatforms) = postSolution
		{A5230928-8F08-45BD-99DC-6104635987C5}.Debug|Any CPU.ActiveCfg = Debug|Any CPU
		{A5230928-8F08-45BD-99DC-6104635987C5}.Debug|Any CPU.Build.0 = Debug|Any CPU
		{A5230928-8F08-45BD-99DC-6104635987C5}.Release|Any CPU.ActiveCfg = Release|Any CPU
		{A5230928-8F08-45BD-99DC-6104635987C5}.Release|Any CPU.Build.0 = Release|Any CPU
	EndGlobalSection
	GlobalSection(SolutionProperties) = preSolution
		HideSolutionNode = FALSE
	EndGlobalSection
	GlobalSection(ExtensibilityGlobals) = postSolution
		SolutionGuid = {48C96C12-6A43-4021-B5F5-B4E049F430DC}
	EndGlobalSection
EndGlobal
