
Microsoft Visual Studio Solution File, Format Version 12.00
# Visual Studio Version 17
VisualStudioVersion = 17.4.33103.184
MinimumVisualStudioVersion = 10.0.40219.1
Project("{FAE04EC0-301F-11D3-BF4B-00C04F79EFBC}") = "task_nov_16_project", "task_nov_16_project\task_nov_16_project.csproj", "{2303F0E5-F997-4FE4-A252-70EBCAC19BC0}"
EndProject
Global
	GlobalSection(SolutionConfigurationPlatforms) = preSolution
		Debug|Any CPU = Debug|Any CPU
		Release|Any CPU = Release|Any CPU
	EndGlobalSection
	GlobalSection(ProjectConfigurationPlatforms) = postSolution
		{2303F0E5-F997-4FE4-A252-70EBCAC19BC0}.Debug|Any CPU.ActiveCfg = Debug|Any CPU
		{2303F0E5-F997-4FE4-A252-70EBCAC19BC0}.Debug|Any CPU.Build.0 = Debug|Any CPU
		{2303F0E5-F997-4FE4-A252-70EBCAC19BC0}.Release|Any CPU.ActiveCfg = Release|Any CPU
		{2303F0E5-F997-4FE4-A252-70EBCAC19BC0}.Release|Any CPU.Build.0 = Release|Any CPU
	EndGlobalSection
	GlobalSection(SolutionProperties) = preSolution
		HideSolutionNode = FALSE
	EndGlobalSection
	GlobalSection(ExtensibilityGlobals) = postSolution
		SolutionGuid = {0A5A83A3-736F-4D60-BD85-0B0FA93C1B55}
	EndGlobalSection
EndGlobal
